
Microsoft Visual Studio Solution File, Format Version 12.00
# Visual Studio Version 17
VisualStudioVersion = 17.4.33213.308
MinimumVisualStudioVersion = 10.0.40219.1
Project("{FAE04EC0-301F-11D3-BF4B-00C04F79EFBC}") = "DevilMario", "DevilMario.csproj", "{79DEA389-53AE-4CF4-996C-6CDCD5453B74}"
EndProject
Global
	GlobalSection(SolutionConfigurationPlatforms) = preSolution
		Debug|Any CPU = Debug|Any CPU
		Release|Any CPU = Release|Any CPU
	EndGlobalSection
	GlobalSection(ProjectConfigurationPlatforms) = postSolution
		{79DEA389-53AE-4CF4-996C-6CDCD5453B74}.Debug|Any CPU.ActiveCfg = Debug|Any CPU
		{79DEA389-53AE-4CF4-996C-6CDCD5453B74}.Debug|Any CPU.Build.0 = Debug|Any CPU
		{79DEA389-53AE-4CF4-996C-6CDCD5453B74}.Release|Any CPU.ActiveCfg = Release|Any CPU
		{79DEA389-53AE-4CF4-996C-6CDCD5453B74}.Release|Any CPU.Build.0 = Release|Any CPU
	EndGlobalSection
	GlobalSection(SolutionProperties) = preSolution
		HideSolutionNode = FALSE
	EndGlobalSection
	GlobalSection(ExtensibilityGlobals) = postSolution
		SolutionGuid = {9B632B32-1BA7-4975-A1C0-22FA13C3AFE9}
	EndGlobalSection
EndGlobal
